{
  "lockfile_version": "1",
  "packages": {
    "chart-testing@latest": {
      "last_modified": "2025-10-07T08:41:47Z",
      "resolved": "github:NixOS/nixpkgs/bce5fe2bb998488d8e7e7856315f90496723793c#chart-testing",
      "source": "devbox-search",
      "version": "3.13.0",
      "systems": {
        "aarch64-darwin": {
          "outputs": [
            {
              "name": "out",
              "path": "/nix/store/9k3nsi5isp41ib1l898xnx158grbd9y7-chart-testing-3.13.0",
              "default": true
            }
          ],
          "store_path": "/nix/store/9k3nsi5isp41ib1l898xnx158grbd9y7-chart-testing-3.13.0"
        },
        "aarch64-linux": {
          "outputs": [
            {
              "name": "out",
              "path": "/nix/store/8vyyin95akhnrb7djb9hhqlvcq92l5fw-chart-testing-3.13.0",
              "default": true
            }
          ],
          "store_path": "/nix/store/8vyyin95akhnrb7djb9hhqlvcq92l5fw-chart-testing-3.13.0"
        },
        "x86_64-darwin": {
          "outputs": [
            {
              "name": "out",
              "path": "/nix/store/2q8286qzp3p7zqg9lq4zqg51cpbi2z3y-chart-testing-3.13.0",
              "default": true
            }
          ],
          "store_path": "/nix/store/2q8286qzp3p7zqg9lq4zqg51cpbi2z3y-chart-testing-3.13.0"
        },
        "x86_64-linux": {
          "outputs": [
            {
              "name": "out",
              "path": "/nix/store/8zgg2abj7mlnky59iwmvlyrlgzvj5knx-chart-testing-3.13.0",
              "default": true
            }
          ],
          "store_path": "/nix/store/8zgg2abj7mlnky59iwmvlyrlgzvj5knx-chart-testing-3.13.0"
        }
      }
    },
    "github:NixOS/nixpkgs/nixpkgs-unstable": {
      "last_modified": "2025-10-09T02:37:25Z",
      "resolved": "github:NixOS/nixpkgs/2dad7af78a183b6c486702c18af8a9544f298377?lastModified=1759977445&narHash=sha256-LYr4IDfuihCkFAkSYz5%2F%2FgT2r1ewcWBYgd5AxPzPLIo%3D"
    },
    "kind@latest": {
      "last_modified": "2025-10-07T08:41:47Z",
      "resolved": "github:NixOS/nixpkgs/bce5fe2bb998488d8e7e7856315f90496723793c#kind",
      "source": "devbox-search",
      "version": "0.30.0",
      "systems": {
        "aarch64-darwin": {
          "outputs": [
            {
              "name": "out",
              "path": "/nix/store/7j497fgkwc6hf0s6r4fhv039l5fvr9hp-kind-0.30.0",
              "default": true
            }
          ],
          "store_path": "/nix/store/7j497fgkwc6hf0s6r4fhv039l5fvr9hp-kind-0.30.0"
        },
        "aarch64-linux": {
          "outputs": [
            {
              "name": "out",
              "path": "/nix/store/7hyylmh4wwq2wviykzcjgvpsgcc3fy6f-kind-0.30.0",
              "default": true
            }
          ],
          "store_path": "/nix/store/7hyylmh4wwq2wviykzcjgvpsgcc3fy6f-kind-0.30.0"
        },
        "x86_64-darwin": {
          "outputs": [
            {
              "name": "out",
              "path": "/nix/store/fzpysk98r712zr79y4a64vyzqkg165rv-kind-0.30.0",
              "default": true
            }
          ],
          "store_path": "/nix/store/fzpysk98r712zr79y4a64vyzqkg165rv-kind-0.30.0"
        },
        "x86_64-linux": {
          "outputs": [
            {
              "name": "out",
              "path": "/nix/store/xlf4bljz86yn20ipha6a5a66xh440z52-kind-0.30.0",
              "default": true
            }
          ],
          "store_path": "/nix/store/xlf4bljz86yn20ipha6a5a66xh440z52-kind-0.30.0"
        }
      }
    },
    "kubectl@latest": {
      "last_modified": "2025-10-07T08:41:47Z",
      "resolved": "github:NixOS/nixpkgs/bce5fe2bb998488d8e7e7856315f90496723793c#kubectl",
      "source": "devbox-search",
      "version": "1.34.1",
      "systems": {
        "aarch64-darwin": {
          "outputs": [
            {
              "name": "out",
              "path": "/nix/store/2ih54prydy1k2s0zsjhkplk8sgcj95kc-kubectl-1.34.1",
              "default": true
            },
            {
              "name": "man",
              "path": "/nix/store/3rvrkr29q5rsb9scrxaw7bnxqplj8lzc-kubectl-1.34.1-man",
              "default": true
            },
            {
              "name": "convert",
              "path": "/nix/store/3xinznz678q5layrhy76q8chl9g7q0m6-kubectl-1.34.1-convert"
            }
          ],
          "store_path": "/nix/store/2ih54prydy1k2s0zsjhkplk8sgcj95kc-kubectl-1.34.1"
        },
        "aarch64-linux": {
          "outputs": [
            {
              "name": "out",
              "path": "/nix/store/kwyzcnrnmp32rh8yamhckddjnsyb7wv8-kubectl-1.34.1",
              "default": true
            },
            {
              "name": "man",
              "path": "/nix/store/1lib1cii7f7ks82bgq3shf3pa4bvfwlw-kubectl-1.34.1-man",
              "default": true
            },
            {
              "name": "convert",
              "path": "/nix/store/b2i2xpyf726nvf0wznanvk9wx4kyhxn0-kubectl-1.34.1-convert"
            }
          ],
          "store_path": "/nix/store/kwyzcnrnmp32rh8yamhckddjnsyb7wv8-kubectl-1.34.1"
        },
        "x86_64-darwin": {
          "outputs": [
            {
              "name": "out",
              "path": "/nix/store/nsldgqqryn057z8356yip0lxnhhn7azy-kubectl-1.34.1",
              "default": true
            },
            {
              "name": "man",
              "path": "/nix/store/97ky0g57awcjskva2zyyczqvg5ab9iq4-kubectl-1.34.1-man",
              "default": true
            },
            {
              "name": "convert",
              "path": "/nix/store/wwy8yalmwwz6m2rjc2fasdihc83gh9kv-kubectl-1.34.1-convert"
            }
          ],
          "store_path": "/nix/store/nsldgqqryn057z8356yip0lxnhhn7azy-kubectl-1.34.1"
        },
        "x86_64-linux": {
          "outputs": [
            {
              "name": "out",
              "path": "/nix/store/5fs5bi2b03j7b1s05h317iszhm8q23x7-kubectl-1.34.1",
              "default": true
            },
            {
              "name": "man",
              "path": "/nix/store/zsl5hlc1rgy52ljdkl0f5vfcp4vfs9gr-kubectl-1.34.1-man",
              "default": true
            },
            {
              "name": "convert",
              "path": "/nix/store/0xapfmzqh1lwmm7xkwca43k5pr65p32b-kubectl-1.34.1-convert"
            }
          ],
          "store_path": "/nix/store/5fs5bi2b03j7b1s05h317iszhm8q23x7-kubectl-1.34.1"
        }
      }
    },
    "kubernetes-helm@latest": {
      "last_modified": "2025-10-07T08:41:47Z",
      "resolved": "github:NixOS/nixpkgs/bce5fe2bb998488d8e7e7856315f90496723793c#kubernetes-helm",
      "source": "devbox-search",
      "version": "3.19.0",
      "systems": {
        "aarch64-darwin": {
          "outputs": [
            {
              "name": "out",
              "path": "/nix/store/n0n03a8q03sank4abr83v1wp0q7kvl0d-kubernetes-helm-3.19.0",
              "default": true
            }
          ],
          "store_path": "/nix/store/n0n03a8q03sank4abr83v1wp0q7kvl0d-kubernetes-helm-3.19.0"
        },
        "aarch64-linux": {
          "outputs": [
            {
              "name": "out",
              "path": "/nix/store/686i1gk7yqmspasg5vrnw551filf5195-kubernetes-helm-3.19.0",
              "default": true
            }
          ],
          "store_path": "/nix/store/686i1gk7yqmspasg5vrnw551filf5195-kubernetes-helm-3.19.0"
        },
        "x86_64-darwin": {
          "outputs": [
            {
              "name": "out",
              "path": "/nix/store/yb5qmlr4spkjhhw6xanyflaza8hlnm90-kubernetes-helm-3.19.0",
              "default": true
            }
          ],
          "store_path": "/nix/store/yb5qmlr4spkjhhw6xanyflaza8hlnm90-kubernetes-helm-3.19.0"
        },
        "x86_64-linux": {
          "outputs": [
            {
              "name": "out",
              "path": "/nix/store/rz50caa3rvsrr4hianhhq10af0g4hjp6-kubernetes-helm-3.19.0",
              "default": true
            }
          ],
          "store_path": "/nix/store/rz50caa3rvsrr4hianhhq10af0g4hjp6-kubernetes-helm-3.19.0"
        }
      }
    },
    "yamale@latest": {
      "last_modified": "2025-10-07T08:41:47Z",
      "resolved": "github:NixOS/nixpkgs/bce5fe2bb998488d8e7e7856315f90496723793c#yamale",
      "source": "devbox-search",
      "version": "6.0.0",
      "systems": {
        "aarch64-darwin": {
          "outputs": [
            {
              "name": "out",
              "path": "/nix/store/1ihhmv95c2yfcbr1k70qd0gwfjavds4z-python3.13-yamale-6.0.0",
              "default": true
            },
            {
              "name": "dist",
              "path": "/nix/store/p51nkhj651z2i7am03kc74yl9f5xdd3p-python3.13-yamale-6.0.0-dist"
            }
          ],
          "store_path": "/nix/store/1ihhmv95c2yfcbr1k70qd0gwfjavds4z-python3.13-yamale-6.0.0"
        },
        "aarch64-linux": {
          "outputs": [
            {
              "name": "out",
              "path": "/nix/store/6idphqzgk2apxr4q3s0fm39gxpi5b1mz-python3.13-yamale-6.0.0",
              "default": true
            },
            {
              "name": "dist",
              "path": "/nix/store/23jfhs5f99zgqzn8mzfpmzl8s7s7k4pg-python3.13-yamale-6.0.0-dist"
            }
          ],
          "store_path": "/nix/store/6idphqzgk2apxr4q3s0fm39gxpi5b1mz-python3.13-yamale-6.0.0"
        },
        "x86_64-darwin": {
          "outputs": [
            {
              "name": "out",
              "path": "/nix/store/69kv1impzh09bxh0iknasxj4ypkjkn5z-python3.13-yamale-6.0.0",
              "default": true
            },
            {
              "name": "dist",
              "path": "/nix/store/zi703n3kbmwdg6syizz1y4wjy0p7880l-python3.13-yamale-6.0.0-dist"
            }
          ],
          "store_path": "/nix/store/69kv1impzh09bxh0iknasxj4ypkjkn5z-python3.13-yamale-6.0.0"
        },
        "x86_64-linux": {
          "outputs": [
            {
              "name": "out",
              "path": "/nix/store/rxjmmcxc23brk992s93a0xmwzsba93lx-python3.13-yamale-6.0.0",
              "default": true
            },
            {
              "name": "dist",
              "path": "/nix/store/yya07i444maw403fkr385gagdxaf7mzg-python3.13-yamale-6.0.0-dist"
            }
          ],
          "store_path": "/nix/store/rxjmmcxc23brk992s93a0xmwzsba93lx-python3.13-yamale-6.0.0"
        }
      }
    },
    "yamllint@latest": {
      "last_modified": "2025-10-07T08:41:47Z",
      "resolved": "github:NixOS/nixpkgs/bce5fe2bb998488d8e7e7856315f90496723793c#yamllint",
      "source": "devbox-search",
      "version": "1.37.1",
      "systems": {
        "aarch64-darwin": {
          "outputs": [
            {
              "name": "out",
              "path": "/nix/store/s27a4grrpss93zlb6j6zh7qwnc3zr3kr-python3.13-yamllint-1.37.1",
              "default": true
            },
            {
              "name": "dist",
              "path": "/nix/store/mnlbzhjhq1skg7mqmy842ipcap6fldi7-python3.13-yamllint-1.37.1-dist"
            }
          ],
          "store_path": "/nix/store/s27a4grrpss93zlb6j6zh7qwnc3zr3kr-python3.13-yamllint-1.37.1"
        },
        "aarch64-linux": {
          "outputs": [
            {
              "name": "out",
              "path": "/nix/store/948cqxrsm2ad9kmwvzxak2cqsizlj0mz-python3.13-yamllint-1.37.1",
              "default": true
            },
            {
              "name": "dist",
              "path": "/nix/store/5g1n5gigjvigj4qr4873ply36m1bc1ns-python3.13-yamllint-1.37.1-dist"
            }
          ],
          "store_path": "/nix/store/948cqxrsm2ad9kmwvzxak2cqsizlj0mz-python3.13-yamllint-1.37.1"
        },
        "x86_64-darwin": {
          "outputs": [
            {
              "name": "out",
              "path": "/nix/store/qzza3ghd9n2j4mw5ig62rh3wfyz9iy24-python3.13-yamllint-1.37.1",
              "default": true
            },
            {
              "name": "dist",
              "path": "/nix/store/3i7nwvkcb1rjiyc8xlz9vm1w9svhas8y-python3.13-yamllint-1.37.1-dist"
            }
          ],
          "store_path": "/nix/store/qzza3ghd9n2j4mw5ig62rh3wfyz9iy24-python3.13-yamllint-1.37.1"
        },
        "x86_64-linux": {
          "outputs": [
            {
              "name": "out",
              "path": "/nix/store/8hh67f8i24qi3cj663qr61fg2r43zpny-python3.13-yamllint-1.37.1",
              "default": true
            },
            {
              "name": "dist",
              "path": "/nix/store/wxy7pi9zj7m7q4k8mkypvqm7dwnyzq63-python3.13-yamllint-1.37.1-dist"
            }
          ],
          "store_path": "/nix/store/8hh67f8i24qi3cj663qr61fg2r43zpny-python3.13-yamllint-1.37.1"
        }
      }
    }
  }
}
