dependencies:
- name: grafana
  repository: ""
  version: 1.1.0
- name: prometheus-operator
  repository: ""
  version: 1.1.0
- name: security
  repository: ""
  version: 0.0.2
digest: sha256:f3dd90ba5c10c1f2e6966e7082ac1be589d8108da85121427be28a4aecc9f232
generated: "2020-10-30T11:12:17.438369342-04:00"
