dependencies:
- name: grafana
  repository: ""
  version: 1.1.0
- name: prometheus-operator
  repository: ""
  version: 1.1.0
- name: security
  repository: ""
  version: 0.0.2
digest: sha256:fa502845a76baa028420e64229e264d0a11510e6de1e19a6d10b00b9e0f5ee43
generated: "2020-09-30T10:54:54.688347-07:00"
