dependencies:
- name: argo-cd
  repository: https://mesosphere.github.io/charts/stable
  version: 0.5.4
- name: tekton
  repository: https://mesosphere.github.io/charts/stable
  version: 0.1.3
- name: minio
  repository: https://kubernetes-charts.storage.googleapis.com/
  version: 2.5.14
digest: sha256:2e687baf8dab64319cad595fa67486c5d570be6b00c578298d09fd536d5996a1
generated: "2019-12-05T11:58:26.140837-08:00"
