dependencies:
- name: logging-operator-crds
  repository: ""
  version: 0.0.0
- name: telemetry-controller
  repository: oci://ghcr.io/kube-logging/helm-charts
  version: 0.5.6
digest: sha256:a93a252d97bf14682e02d49bd60c7643fb64d578f441dbcedb3cdd11a9e64109
generated: "2026-06-16T07:18:12.069036186Z"
