dependencies:
- name: logging-operator-crds
  repository: ""
  version: 0.0.0
- name: telemetry-controller
  repository: oci://ghcr.io/kube-logging/helm-charts
  version: 0.0.17
digest: sha256:afde77146a7809485726c1da75d7e2f96cce40f7f132da8f345a538beb8c57cc
generated: "2025-03-12T17:05:00.015239+05:30"
