dependencies:
- name: kube-state-metrics
  repository: file://dependent-charts/kube-state-metrics
  version: 1.6.5
- name: prometheus-node-exporter
  repository: file://dependent-charts/prometheus-node-exporter
  version: 1.5.1
- name: grafana
  repository: file://dependent-charts/grafana
  version: 3.5.10
digest: sha256:f810cfbd7150e2496cd449b2a71d1daf8549a09445b9feece3a3d08a36623ef6
generated: "2019-11-20T11:02:09.251659-08:00"
