dependencies:
- name: kube-state-metrics
  repository: https://prometheus-community.github.io/helm-charts
  version: 7.1.0
- name: prometheus-node-exporter
  repository: https://prometheus-community.github.io/helm-charts
  version: 1.12.0
- name: grafana
  repository: https://grafana-community.github.io/helm-charts
  version: 11.1.8
digest: sha256:f1f11fa3de0f006a9f9ddad805e7b60d6143b1167200328dc8eb513d2f899a7b
generated: "2026-02-23T13:26:03.199511+05:30"
