dependencies:
- name: kube-state-metrics
  repository: file://dependent-charts/kube-state-metrics
  version: 2.4.1
- name: prometheus-node-exporter
  repository: file://dependent-charts/prometheus-node-exporter
  version: 1.5.1
- name: grafana
  repository: file://dependent-charts/grafana
  version: 3.5.10
digest: sha256:a251e02865a3a50d6dcd13fdf918b35f5d135f726fc5592df645bfd1a607b13e
generated: "2019-12-05T17:22:12.368351+01:00"
