dependencies:
- name: kubefed
  repository: https://mesosphere.github.io/charts/staging
  version: 0.0.2
- name: kubeaddons-catalog
  repository: https://mesosphere.github.io/charts/staging
  version: 0.1.4
- name: kommander-cluster-lifecycle
  repository: https://mesosphere.github.io/kommander-cluster-lifecycle/charts
  version: v0.2.5
- name: kommander-thanos
  repository: https://mesosphere.github.io/charts/stable
  version: 0.1.4
- name: kommander-karma
  repository: https://mesosphere.github.io/charts/stable
  version: 0.2.0
- name: grafana
  repository: https://kubernetes-charts.storage.googleapis.com
  version: 3.8.19
digest: sha256:7930d7bf89357ea6713fc916033d274e54ade70bc95747e11a2f09c823077cb0
generated: "2019-12-05T21:53:50.49026828Z"
