dependencies:
- name: kubeaddons-catalog
  repository: https://mesosphere.github.io/charts/staging
  version: 0.1.15
- name: kommander-federation
  repository: https://mesosphere.github.io/yakcl/charts
  version: 0.7.1
- name: kommander-licensing
  repository: https://mesosphere.github.io/yakcl/charts
  version: 0.7.1
- name: kommander-ui
  repository: https://mesosphere.github.io/kommander-ui/charts
  version: 6.72.0
- name: kubecost
  repository: https://mesosphere.github.io/charts/stable
  version: 0.5.0
- name: grafana
  repository: https://mesosphere.github.io/charts/stable
  version: 4.6.3
digest: sha256:1af2753a2c4d6e97e1a8fe406b28d77dff7e57d75b3be365d90d0e7a9e4d767f
generated: "2021-01-05T17:52:54.156876-08:00"
