dependencies:
- name: kube-state-metrics
  repository: https://prometheus-community.github.io/helm-charts
  version: 5.7.0
- name: prometheus-node-exporter
  repository: https://prometheus-community.github.io/helm-charts
  version: 4.17.5
- name: grafana
  repository: https://grafana.github.io/helm-charts
  version: 6.57.4
digest: sha256:30e41a5774a075648a862ea72708c7394e048605dd1ef8412a41de52a93188d2
generated: "2023-09-07T10:38:12.351257-07:00"
