dependencies:
- name: crds
  repository: ""
  version: 0.0.0
- name: kube-state-metrics
  repository: https://prometheus-community.github.io/helm-charts
  version: 5.16.0
- name: prometheus-node-exporter
  repository: https://prometheus-community.github.io/helm-charts
  version: 4.25.0
- name: grafana
  repository: https://grafana.github.io/helm-charts
  version: 7.2.4
- name: prometheus-windows-exporter
  repository: https://prometheus-community.github.io/helm-charts
  version: 0.2.0
digest: sha256:04a0dfebe8b7d5df5b6569b4c719892f38c5a45a626fb23c57453515e0c10759
generated: "2024-01-22T20:04:07.97441-08:00"
