dependencies:
- name: crds
  repository: ""
  version: 0.0.0
- name: kube-state-metrics
  repository: https://prometheus-community.github.io/helm-charts
  version: 7.1.0
- name: prometheus-node-exporter
  repository: https://prometheus-community.github.io/helm-charts
  version: 4.51.1
- name: grafana
  repository: https://grafana-community.github.io/helm-charts
  version: 11.1.7
- name: prometheus-windows-exporter
  repository: https://prometheus-community.github.io/helm-charts
  version: 0.12.3
digest: sha256:fc891af378b409d1f555a695986e8f6f6919427ea05df12b081cc1146943d609
generated: "2026-02-20T17:01:29.352356+05:30"
